PODS:
  - s_ios_categories (0.1.3):
    - s_ios_categories/ObjectC (= 0.1.3)
    - s_ios_categories/Swift (= 0.1.3)
  - s_ios_categories/ObjectC (0.1.3)
  - s_ios_categories/Swift (0.1.3)

DEPENDENCIES:
  - s_ios_categories (from `../`)

EXTERNAL SOURCES:
  s_ios_categories:
    :path: ../

SPEC CHECKSUMS:
  s_ios_categories: 2ec89d53740dce6163ce46fd9f301a8ec300eb92

PODFILE CHECKSUM: a7f9c620ea029addc343b2f4136eed017a934bda

COCOAPODS: 1.4.0
