// !$*UTF8*$!
{
	archiveVersion = 1;
	classes = {
	};
	objectVersion = 46;
	objects = {

/* Begin PBXBuildFile section */
		458D882B1FFB77EE00A7219F /* main.m in Sources */ = {isa = PBXBuildFile; fileRef = 458D882A1FFB77EE00A7219F /* main.m */; };
		458D882E1FFB77EE00A7219F /* AppDelegate.m in Sources */ = {isa = PBXBuildFile; fileRef = 458D882D1FFB77EE00A7219F /* AppDelegate.m */; };
		458D88311FFB77EE00A7219F /* ViewController.m in Sources */ = {isa = PBXBuildFile; fileRef = 458D88301FFB77EE00A7219F /* ViewController.m */; };
		458D88341FFB77EE00A7219F /* Main.storyboard in Resources */ = {isa = PBXBuildFile; fileRef = 458D88321FFB77EE00A7219F /* Main.storyboard */; };
		458D88361FFB77EE00A7219F /* Assets.xcassets in Resources */ = {isa = PBXBuildFile; fileRef = 458D88351FFB77EE00A7219F /* Assets.xcassets */; };
		458D88391FFB77EE00A7219F /* LaunchScreen.storyboard in Resources */ = {isa = PBXBuildFile; fileRef = 458D88371FFB77EE00A7219F /* LaunchScreen.storyboard */; };
		D6021F0A1FFBC774007F6ED4 /* s_ios_categoriesTests.m in Sources */ = {isa = PBXBuildFile; fileRef = D6021F091FFBC774007F6ED4 /* s_ios_categoriesTests.m */; };
		D6021F161FFBC9D1007F6ED4 /* NOTE in Resources */ = {isa = PBXBuildFile; fileRef = D6021F151FFBC9D1007F6ED4 /* NOTE */; };
		D6021F211FFBD2EB007F6ED4 /* NSString+HJSize.m in Sources */ = {isa = PBXBuildFile; fileRef = D6021F201FFBD2EB007F6ED4 /* NSString+HJSize.m */; };
		D6021F241FFBD312007F6ED4 /* NSString+HJEncrypt.m in Sources */ = {isa = PBXBuildFile; fileRef = D6021F231FFBD312007F6ED4 /* NSString+HJEncrypt.m */; };
		D6021F2A1FFBD5BB007F6ED4 /* NSString+HJPinyin.m in Sources */ = {isa = PBXBuildFile; fileRef = D6021F291FFBD5BB007F6ED4 /* NSString+HJPinyin.m */; };
/* End PBXBuildFile section */

/* Begin PBXContainerItemProxy section */
		D6021F0C1FFBC774007F6ED4 /* PBXContainerItemProxy */ = {
			isa = PBXContainerItemProxy;
			containerPortal = 458D881E1FFB77EE00A7219F /* Project object */;
			proxyType = 1;
			remoteGlobalIDString = 458D88251FFB77EE00A7219F;
			remoteInfo = s_ios_categories;
		};
/* End PBXContainerItemProxy section */

/* Begin PBXFileReference section */
		458D88261FFB77EE00A7219F /* s_ios_categories.app */ = {isa = PBXFileReference; explicitFileType = wrapper.application; includeInIndex = 0; path = s_ios_categories.app; sourceTree = BUILT_PRODUCTS_DIR; };
		458D882A1FFB77EE00A7219F /* main.m */ = {isa = PBXFileReference; lastKnownFileType = sourcecode.c.objc; path = main.m; sourceTree = "<group>"; };
		458D882C1FFB77EE00A7219F /* AppDelegate.h */ = {isa = PBXFileReference; lastKnownFileType = sourcecode.c.h; path = AppDelegate.h; sourceTree = "<group>"; };
		458D882D1FFB77EE00A7219F /* AppDelegate.m */ = {isa = PBXFileReference; lastKnownFileType = sourcecode.c.objc; path = AppDelegate.m; sourceTree = "<group>"; };
		458D882F1FFB77EE00A7219F /* ViewController.h */ = {isa = PBXFileReference; lastKnownFileType = sourcecode.c.h; path = ViewController.h; sourceTree = "<group>"; };
		458D88301FFB77EE00A7219F /* ViewController.m */ = {isa = PBXFileReference; lastKnownFileType = sourcecode.c.objc; path = ViewController.m; sourceTree = "<group>"; };
		458D88331FFB77EE00A7219F /* Base */ = {isa = PBXFileReference; lastKnownFileType = file.storyboard; name = Base; path = Base.lproj/Main.storyboard; sourceTree = "<group>"; };
		458D88351FFB77EE00A7219F /* Assets.xcassets */ = {isa = PBXFileReference; lastKnownFileType = folder.assetcatalog; path = Assets.xcassets; sourceTree = "<group>"; };
		458D88381FFB77EE00A7219F /* Base */ = {isa = PBXFileReference; lastKnownFileType = file.storyboard; name = Base; path = Base.lproj/LaunchScreen.storyboard; sourceTree = "<group>"; };
		458D883A1FFB77EE00A7219F /* Info.plist */ = {isa = PBXFileReference; lastKnownFileType = text.plist.xml; path = Info.plist; sourceTree = "<group>"; };
		D6021F071FFBC774007F6ED4 /* s_ios_categoriesTests.xctest */ = {isa = PBXFileReference; explicitFileType = wrapper.cfbundle; includeInIndex = 0; path = s_ios_categoriesTests.xctest; sourceTree = BUILT_PRODUCTS_DIR; };
		D6021F091FFBC774007F6ED4 /* s_ios_categoriesTests.m */ = {isa = PBXFileReference; lastKnownFileType = sourcecode.c.objc; path = s_ios_categoriesTests.m; sourceTree = "<group>"; };
		D6021F0B1FFBC774007F6ED4 /* Info.plist */ = {isa = PBXFileReference; lastKnownFileType = text.plist.xml; path = Info.plist; sourceTree = "<group>"; };
		D6021F151FFBC9D1007F6ED4 /* NOTE */ = {isa = PBXFileReference; fileEncoding = 4; lastKnownFileType = text; path = NOTE; sourceTree = "<group>"; };
		D6021F1F1FFBD2EB007F6ED4 /* NSString+HJSize.h */ = {isa = PBXFileReference; fileEncoding = 4; lastKnownFileType = sourcecode.c.h; path = "NSString+HJSize.h"; sourceTree = "<group>"; };
		D6021F201FFBD2EB007F6ED4 /* NSString+HJSize.m */ = {isa = PBXFileReference; fileEncoding = 4; lastKnownFileType = sourcecode.c.objc; path = "NSString+HJSize.m"; sourceTree = "<group>"; };
		D6021F221FFBD312007F6ED4 /* NSString+HJEncrypt.h */ = {isa = PBXFileReference; fileEncoding = 4; lastKnownFileType = sourcecode.c.h; path = "NSString+HJEncrypt.h"; sourceTree = "<group>"; };
		D6021F231FFBD312007F6ED4 /* NSString+HJEncrypt.m */ = {isa = PBXFileReference; fileEncoding = 4; lastKnownFileType = sourcecode.c.objc; path = "NSString+HJEncrypt.m"; sourceTree = "<group>"; };
		D6021F281FFBD5BB007F6ED4 /* NSString+HJPinyin.h */ = {isa = PBXFileReference; fileEncoding = 4; lastKnownFileType = sourcecode.c.h; path = "NSString+HJPinyin.h"; sourceTree = "<group>"; };
		D6021F291FFBD5BB007F6ED4 /* NSString+HJPinyin.m */ = {isa = PBXFileReference; fileEncoding = 4; lastKnownFileType = sourcecode.c.objc; path = "NSString+HJPinyin.m"; sourceTree = "<group>"; };
/* End PBXFileReference section */

/* Begin PBXFrameworksBuildPhase section */
		458D88231FFB77EE00A7219F /* Frameworks */ = {
			isa = PBXFrameworksBuildPhase;
			buildActionMask = 2147483647;
			files = (
			);
			runOnlyForDeploymentPostprocessing = 0;
		};
		D6021F041FFBC774007F6ED4 /* Frameworks */ = {
			isa = PBXFrameworksBuildPhase;
			buildActionMask = 2147483647;
			files = (
			);
			runOnlyForDeploymentPostprocessing = 0;
		};
/* End PBXFrameworksBuildPhase section */

/* Begin PBXGroup section */
		458D881D1FFB77EE00A7219F = {
			isa = PBXGroup;
			children = (
				D6021F151FFBC9D1007F6ED4 /* NOTE */,
				D6021F111FFBC923007F6ED4 /* category */,
				458D88281FFB77EE00A7219F /* s_ios_categories */,
				D6021F081FFBC774007F6ED4 /* s_ios_categoriesTests */,
				458D88271FFB77EE00A7219F /* Products */,
			);
			sourceTree = "<group>";
		};
		458D88271FFB77EE00A7219F /* Products */ = {
			isa = PBXGroup;
			children = (
				458D88261FFB77EE00A7219F /* s_ios_categories.app */,
				D6021F071FFBC774007F6ED4 /* s_ios_categoriesTests.xctest */,
			);
			name = Products;
			sourceTree = "<group>";
		};
		458D88281FFB77EE00A7219F /* s_ios_categories */ = {
			isa = PBXGroup;
			children = (
				458D882C1FFB77EE00A7219F /* AppDelegate.h */,
				458D882D1FFB77EE00A7219F /* AppDelegate.m */,
				458D882F1FFB77EE00A7219F /* ViewController.h */,
				458D88301FFB77EE00A7219F /* ViewController.m */,
				458D88321FFB77EE00A7219F /* Main.storyboard */,
				458D88351FFB77EE00A7219F /* Assets.xcassets */,
				458D88371FFB77EE00A7219F /* LaunchScreen.storyboard */,
				458D883A1FFB77EE00A7219F /* Info.plist */,
				458D88291FFB77EE00A7219F /* Supporting Files */,
			);
			path = s_ios_categories;
			sourceTree = "<group>";
		};
		458D88291FFB77EE00A7219F /* Supporting Files */ = {
			isa = PBXGroup;
			children = (
				458D882A1FFB77EE00A7219F /* main.m */,
			);
			name = "Supporting Files";
			sourceTree = "<group>";
		};
		D6021F081FFBC774007F6ED4 /* s_ios_categoriesTests */ = {
			isa = PBXGroup;
			children = (
				D6021F091FFBC774007F6ED4 /* s_ios_categoriesTests.m */,
				D6021F0B1FFBC774007F6ED4 /* Info.plist */,
			);
			path = s_ios_categoriesTests;
			sourceTree = "<group>";
		};
		D6021F111FFBC923007F6ED4 /* category */ = {
			isa = PBXGroup;
			children = (
				D6021F171FFBCD35007F6ED4 /* Foundation */,
			);
			path = category;
			sourceTree = "<group>";
		};
		D6021F171FFBCD35007F6ED4 /* Foundation */ = {
			isa = PBXGroup;
			children = (
				D6021F1B1FFBD2BD007F6ED4 /* NSString */,
			);
			path = Foundation;
			sourceTree = "<group>";
		};
		D6021F1B1FFBD2BD007F6ED4 /* NSString */ = {
			isa = PBXGroup;
			children = (
				D6021F1F1FFBD2EB007F6ED4 /* NSString+HJSize.h */,
				D6021F201FFBD2EB007F6ED4 /* NSString+HJSize.m */,
				D6021F221FFBD312007F6ED4 /* NSString+HJEncrypt.h */,
				D6021F231FFBD312007F6ED4 /* NSString+HJEncrypt.m */,
				D6021F281FFBD5BB007F6ED4 /* NSString+HJPinyin.h */,
				D6021F291FFBD5BB007F6ED4 /* NSString+HJPinyin.m */,
			);
			path = NSString;
			sourceTree = "<group>";
		};
/* End PBXGroup section */

/* Begin PBXNativeTarget section */
		458D88251FFB77EE00A7219F /* s_ios_categories */ = {
			isa = PBXNativeTarget;
			buildConfigurationList = 458D883D1FFB77EE00A7219F /* Build configuration list for PBXNativeTarget "s_ios_categories" */;
			buildPhases = (
				458D88221FFB77EE00A7219F /* Sources */,
				458D88231FFB77EE00A7219F /* Frameworks */,
				458D88241FFB77EE00A7219F /* Resources */,
			);
			buildRules = (
			);
			dependencies = (
			);
			name = s_ios_categories;
			productName = s_ios_categories;
			productReference = 458D88261FFB77EE00A7219F /* s_ios_categories.app */;
			productType = "com.apple.product-type.application";
		};
		D6021F061FFBC774007F6ED4 /* s_ios_categoriesTests */ = {
			isa = PBXNativeTarget;
			buildConfigurationList = D6021F101FFBC774007F6ED4 /* Build configuration list for PBXNativeTarget "s_ios_categoriesTests" */;
			buildPhases = (
				D6021F031FFBC774007F6ED4 /* Sources */,
				D6021F041FFBC774007F6ED4 /* Frameworks */,
				D6021F051FFBC774007F6ED4 /* Resources */,
			);
			buildRules = (
			);
			dependencies = (
				D6021F0D1FFBC774007F6ED4 /* PBXTargetDependency */,
			);
			name = s_ios_categoriesTests;
			productName = s_ios_categoriesTests;
			productReference = D6021F071FFBC774007F6ED4 /* s_ios_categoriesTests.xctest */;
			productType = "com.apple.product-type.bundle.unit-test";
		};
/* End PBXNativeTarget section */

/* Begin PBXProject section */
		458D881E1FFB77EE00A7219F /* Project object */ = {
			isa = PBXProject;
			attributes = {
				CLASSPREFIX = HJ;
				LastUpgradeCheck = 0830;
				ORGANIZATIONNAME = "SHEN HJ";
				TargetAttributes = {
					458D88251FFB77EE00A7219F = {
						CreatedOnToolsVersion = 8.3.2;
						DevelopmentTeam = G9S48K6AN5;
						ProvisioningStyle = Automatic;
					};
					D6021F061FFBC774007F6ED4 = {
						CreatedOnToolsVersion = 8.3.2;
						ProvisioningStyle = Automatic;
						TestTargetID = 458D88251FFB77EE00A7219F;
					};
				};
			};
			buildConfigurationList = 458D88211FFB77EE00A7219F /* Build configuration list for PBXProject "s_ios_categories" */;
			compatibilityVersion = "Xcode 3.2";
			developmentRegion = English;
			hasScannedForEncodings = 0;
			knownRegions = (
				en,
				Base,
			);
			mainGroup = 458D881D1FFB77EE00A7219F;
			productRefGroup = 458D88271FFB77EE00A7219F /* Products */;
			projectDirPath = "";
			projectRoot = "";
			targets = (
				458D88251FFB77EE00A7219F /* s_ios_categories */,
				D6021F061FFBC774007F6ED4 /* s_ios_categoriesTests */,
			);
		};
/* End PBXProject section */

/* Begin PBXResourcesBuildPhase section */
		458D88241FFB77EE00A7219F /* Resources */ = {
			isa = PBXResourcesBuildPhase;
			buildActionMask = 2147483647;
			files = (
				458D88391FFB77EE00A7219F /* LaunchScreen.storyboard in Resources */,
				458D88361FFB77EE00A7219F /* Assets.xcassets in Resources */,
				D6021F161FFBC9D1007F6ED4 /* NOTE in Resources */,
				458D88341FFB77EE00A7219F /* Main.storyboard in Resources */,
			);
			runOnlyForDeploymentPostprocessing = 0;
		};
		D6021F051FFBC774007F6ED4 /* Resources */ = {
			isa = PBXResourcesBuildPhase;
			buildActionMask = 2147483647;
			files = (
			);
			runOnlyForDeploymentPostprocessing = 0;
		};
/* End PBXResourcesBuildPhase section */

/* Begin PBXSourcesBuildPhase section */
		458D88221FFB77EE00A7219F /* Sources */ = {
			isa = PBXSourcesBuildPhase;
			buildActionMask = 2147483647;
			files = (
				458D88311FFB77EE00A7219F /* ViewController.m in Sources */,
				D6021F241FFBD312007F6ED4 /* NSString+HJEncrypt.m in Sources */,
				D6021F2A1FFBD5BB007F6ED4 /* NSString+HJPinyin.m in Sources */,
				458D882E1FFB77EE00A7219F /* AppDelegate.m in Sources */,
				458D882B1FFB77EE00A7219F /* main.m in Sources */,
				D6021F211FFBD2EB007F6ED4 /* NSString+HJSize.m in Sources */,
			);
			runOnlyForDeploymentPostprocessing = 0;
		};
		D6021F031FFBC774007F6ED4 /* Sources */ = {
			isa = PBXSourcesBuildPhase;
			buildActionMask = 2147483647;
			files = (
				D6021F0A1FFBC774007F6ED4 /* s_ios_categoriesTests.m in Sources */,
			);
			runOnlyForDeploymentPostprocessing = 0;
		};
/* End PBXSourcesBuildPhase section */

/* Begin PBXTargetDependency section */
		D6021F0D1FFBC774007F6ED4 /* PBXTargetDependency */ = {
			isa = PBXTargetDependency;
			target = 458D88251FFB77EE00A7219F /* s_ios_categories */;
			targetProxy = D6021F0C1FFBC774007F6ED4 /* PBXContainerItemProxy */;
		};
/* End PBXTargetDependency section */

/* Begin PBXVariantGroup section */
		458D88321FFB77EE00A7219F /* Main.storyboard */ = {
			isa = PBXVariantGroup;
			children = (
				458D88331FFB77EE00A7219F /* Base */,
			);
			name = Main.storyboard;
			sourceTree = "<group>";
		};
		458D88371FFB77EE00A7219F /* LaunchScreen.storyboard */ = {
			isa = PBXVariantGroup;
			children = (
				458D88381FFB77EE00A7219F /* Base */,
			);
			name = LaunchScreen.storyboard;
			sourceTree = "<group>";
		};
/* End PBXVariantGroup section */

/* Begin XCBuildConfiguration section */
		458D883B1FFB77EE00A7219F /* Debug */ = {
			isa = XCBuildConfiguration;
			buildSettings = {
				ALWAYS_SEARCH_USER_PATHS = NO;
				CLANG_ANALYZER_NONNULL = YES;
				CLANG_ANALYZER_NUMBER_OBJECT_CONVERSION = YES_AGGRESSIVE;
				CLANG_CXX_LANGUAGE_STANDARD = "gnu++0x";
				CLANG_CXX_LIBRARY = "libc++";
				CLANG_ENABLE_MODULES = YES;
				CLANG_ENABLE_OBJC_ARC = YES;
				CLANG_WARN_BOOL_CONVERSION = YES;
				CLANG_WARN_CONSTANT_CONVERSION = YES;
				CLANG_WARN_DIRECT_OBJC_ISA_USAGE = YES_ERROR;
				CLANG_WARN_DOCUMENTATION_COMMENTS = YES;
				CLANG_WARN_EMPTY_BODY = YES;
				CLANG_WARN_ENUM_CONVERSION = YES;
				CLANG_WARN_INFINITE_RECURSION = YES;
				CLANG_WARN_INT_CONVERSION = YES;
				CLANG_WARN_OBJC_ROOT_CLASS = YES_ERROR;
				CLANG_WARN_SUSPICIOUS_MOVE = YES;
				CLANG_WARN_UNREACHABLE_CODE = YES;
				CLANG_WARN__DUPLICATE_METHOD_MATCH = YES;
				"CODE_SIGN_IDENTITY[sdk=iphoneos*]" = "iPhone Developer";
				COPY_PHASE_STRIP = NO;
				DEBUG_INFORMATION_FORMAT = dwarf;
				ENABLE_STRICT_OBJC_MSGSEND = YES;
				ENABLE_TESTABILITY = YES;
				GCC_C_LANGUAGE_STANDARD = gnu99;
				GCC_DYNAMIC_NO_PIC = NO;
				GCC_NO_COMMON_BLOCKS = YES;
				GCC_OPTIMIZATION_LEVEL = 0;
				GCC_PREPROCESSOR_DEFINITIONS = (
					"DEBUG=1",
					"$(inherited)",
				);
				GCC_WARN_64_TO_32_BIT_CONVERSION = YES;
				GCC_WARN_ABOUT_RETURN_TYPE = YES_ERROR;
				GCC_WARN_UNDECLARED_SELECTOR = YES;
				GCC_WARN_UNINITIALIZED_AUTOS = YES_AGGRESSIVE;
				GCC_WARN_UNUSED_FUNCTION = YES;
				GCC_WARN_UNUSED_VARIABLE = YES;
				IPHONEOS_DEPLOYMENT_TARGET = 10.3;
				MTL_ENABLE_DEBUG_INFO = YES;
				ONLY_ACTIVE_ARCH = YES;
				SDKROOT = iphoneos;
			};
			name = Debug;
		};
		458D883C1FFB77EE00A7219F /* Release */ = {
			isa = XCBuildConfiguration;
			buildSettings = {
				ALWAYS_SEARCH_USER_PATHS = NO;
				CLANG_ANALYZER_NONNULL = YES;
				CLANG_ANALYZER_NUMBER_OBJECT_CONVERSION = YES_AGGRESSIVE;
				CLANG_CXX_LANGUAGE_STANDARD = "gnu++0x";
				CLANG_CXX_LIBRARY = "libc++";
				CLANG_ENABLE_MODULES = YES;
				CLANG_ENABLE_OBJC_ARC = YES;
				CLANG_WARN_BOOL_CONVERSION = YES;
				CLANG_WARN_CONSTANT_CONVERSION = YES;
				CLANG_WARN_DIRECT_OBJC_ISA_USAGE = YES_ERROR;
				CLANG_WARN_DOCUMENTATION_COMMENTS = YES;
				CLANG_WARN_EMPTY_BODY = YES;
				CLANG_WARN_ENUM_CONVERSION = YES;
				CLANG_WARN_INFINITE_RECURSION = YES;
				CLANG_WARN_INT_CONVERSION = YES;
				CLANG_WARN_OBJC_ROOT_CLASS = YES_ERROR;
				CLANG_WARN_SUSPICIOUS_MOVE = YES;
				CLANG_WARN_UNREACHABLE_CODE = YES;
				CLANG_WARN__DUPLICATE_METHOD_MATCH = YES;
				"CODE_SIGN_IDENTITY[sdk=iphoneos*]" = "iPhone Developer";
				COPY_PHASE_STRIP = NO;
				DEBUG_INFORMATION_FORMAT = "dwarf-with-dsym";
				ENABLE_NS_ASSERTIONS = NO;
				ENABLE_STRICT_OBJC_MSGSEND = YES;
				GCC_C_LANGUAGE_STANDARD = gnu99;
				GCC_NO_COMMON_BLOCKS = YES;
				GCC_WARN_64_TO_32_BIT_CONVERSION = YES;
				GCC_WARN_ABOUT_RETURN_TYPE = YES_ERROR;
				GCC_WARN_UNDECLARED_SELECTOR = YES;
				GCC_WARN_UNINITIALIZED_AUTOS = YES_AGGRESSIVE;
				GCC_WARN_UNUSED_FUNCTION = YES;
				GCC_WARN_UNUSED_VARIABLE = YES;
				IPHONEOS_DEPLOYMENT_TARGET = 10.3;
				MTL_ENABLE_DEBUG_INFO = NO;
				SDKROOT = iphoneos;
				VALIDATE_PRODUCT = YES;
			};
			name = Release;
		};
		458D883E1FFB77EE00A7219F /* Debug */ = {
			isa = XCBuildConfiguration;
			buildSettings = {
				ASSETCATALOG_COMPILER_APPICON_NAME = AppIcon;
				DEVELOPMENT_TEAM = G9S48K6AN5;
				INFOPLIST_FILE = s_ios_categories/Info.plist;
				IPHONEOS_DEPLOYMENT_TARGET = 9.0;
				LD_RUNPATH_SEARCH_PATHS = "$(inherited) @executable_path/Frameworks";
				PRODUCT_BUNDLE_IDENTIFIER = "com.shj.s-ios-categories";
				PRODUCT_NAME = "$(TARGET_NAME)";
			};
			name = Debug;
		};
		458D883F1FFB77EE00A7219F /* Release */ = {
			isa = XCBuildConfiguration;
			buildSettings = {
				ASSETCATALOG_COMPILER_APPICON_NAME = AppIcon;
				DEVELOPMENT_TEAM = G9S48K6AN5;
				INFOPLIST_FILE = s_ios_categories/Info.plist;
				IPHONEOS_DEPLOYMENT_TARGET = 9.0;
				LD_RUNPATH_SEARCH_PATHS = "$(inherited) @executable_path/Frameworks";
				PRODUCT_BUNDLE_IDENTIFIER = "com.shj.s-ios-categories";
				PRODUCT_NAME = "$(TARGET_NAME)";
			};
			name = Release;
		};
		D6021F0E1FFBC774007F6ED4 /* Debug */ = {
			isa = XCBuildConfiguration;
			buildSettings = {
				BUNDLE_LOADER = "$(TEST_HOST)";
				INFOPLIST_FILE = s_ios_categoriesTests/Info.plist;
				LD_RUNPATH_SEARCH_PATHS = "$(inherited) @executable_path/Frameworks @loader_path/Frameworks";
				PRODUCT_BUNDLE_IDENTIFIER = "com.shj.s-ios-categoriesTests";
				PRODUCT_NAME = "$(TARGET_NAME)";
				TEST_HOST = "$(BUILT_PRODUCTS_DIR)/s_ios_categories.app/s_ios_categories";
			};
			name = Debug;
		};
		D6021F0F1FFBC774007F6ED4 /* Release */ = {
			isa = XCBuildConfiguration;
			buildSettings = {
				BUNDLE_LOADER = "$(TEST_HOST)";
				INFOPLIST_FILE = s_ios_categoriesTests/Info.plist;
				LD_RUNPATH_SEARCH_PATHS = "$(inherited) @executable_path/Frameworks @loader_path/Frameworks";
				PRODUCT_BUNDLE_IDENTIFIER = "com.shj.s-ios-categoriesTests";
				PRODUCT_NAME = "$(TARGET_NAME)";
				TEST_HOST = "$(BUILT_PRODUCTS_DIR)/s_ios_categories.app/s_ios_categories";
			};
			name = Release;
		};
/* End XCBuildConfiguration section */

/* Begin XCConfigurationList section */
		458D88211FFB77EE00A7219F /* Build configuration list for PBXProject "s_ios_categories" */ = {
			isa = XCConfigurationList;
			buildConfigurations = (
				458D883B1FFB77EE00A7219F /* Debug */,
				458D883C1FFB77EE00A7219F /* Release */,
			);
			defaultConfigurationIsVisible = 0;
			defaultConfigurationName = Release;
		};
		458D883D1FFB77EE00A7219F /* Build configuration list for PBXNativeTarget "s_ios_categories" */ = {
			isa = XCConfigurationList;
			buildConfigurations = (
				458D883E1FFB77EE00A7219F /* Debug */,
				458D883F1FFB77EE00A7219F /* Release */,
			);
			defaultConfigurationIsVisible = 0;
			defaultConfigurationName = Release;
		};
		D6021F101FFBC774007F6ED4 /* Build configuration list for PBXNativeTarget "s_ios_categoriesTests" */ = {
			isa = XCConfigurationList;
			buildConfigurations = (
				D6021F0E1FFBC774007F6ED4 /* Debug */,
				D6021F0F1FFBC774007F6ED4 /* Release */,
			);
			defaultConfigurationIsVisible = 0;
		};
/* End XCConfigurationList section */
	};
	rootObject = 458D881E1FFB77EE00A7219F /* Project object */;
}
